{
    "_readme": [
        "This file locks the dependencies of your project to a known state",
        "Read more about it at https://getcomposer.org/doc/01-basic-usage.md#composer-lock-the-lock-file",
        "This file is @generated automatically"
    ],
    "hash": "59ffaae6b0204862945c2fab67b17852",
    "packages": [
        {
            "name": "facebook/php-sdk-v4",
            "version": "5.1.2",
            "source": {
                "type": "git",
                "url": "https://github.com/facebook/facebook-php-sdk-v4.git",
                "reference": "2c42fb3002953355f12d3c6e8003a9fd5af563d9"
            },
            "dist": {
                "type": "zip",
                "url": "https://api.github.com/repos/facebook/facebook-php-sdk-v4/zipball/2c42fb3002953355f12d3c6e8003a9fd5af563d9",
                "reference": "2c42fb3002953355f12d3c6e8003a9fd5af563d9",
                "shasum": ""
            },
            "require": {
                "ext-mbstring": "*",
                "php": ">=5.4.0"
            },
            "require-dev": {
                "guzzlehttp/guzzle": "~5.0",
                "mockery/mockery": "~0.8",
                "phpunit/phpunit": "~4.0"
            },
            "suggest": {
                "guzzlehttp/guzzle": "Allows for implementation of the Guzzle HTTP client"
            },
            "type": "library",
            "extra": {
                "branch-alias": {
                    "dev-master": "5.x-dev"
                }
            },
            "autoload": {
                "psr-4": {
                    "Facebook\\": "src/Facebook/"
                }
            },
            "notification-url": "https://packagist.org/downloads/",
            "license": [
                "Facebook Platform"
            ],
            "authors": [
                {
                    "name": "Facebook",
                    "homepage": "https://github.com/facebook/facebook-php-sdk-v4/contributors"
                }
            ],
            "description": "Facebook SDK for PHP",
            "homepage": "https://github.com/facebook/facebook-php-sdk-v4",
            "keywords": [
                "facebook",
                "sdk"
            ],
            "time": "2015-11-19 21:07:36"
        },
        {
            "name": "guzzle/guzzle",
            "version": "v3.9.3",
            "source": {
                "type": "git",
                "url": "https://github.com/guzzle/guzzle3.git",
                "reference": "0645b70d953bc1c067bbc8d5bc53194706b628d9"
            },
            "dist": {
                "type": "zip",
                "url": "https://api.github.com/repos/guzzle/guzzle3/zipball/0645b70d953bc1c067bbc8d5bc53194706b628d9",
                "reference": "0645b70d953bc1c067bbc8d5bc53194706b628d9",
                "shasum": ""
            },
            "require": {
                "ext-curl": "*",
                "php": ">=5.3.3",
                "symfony/event-dispatcher": "~2.1"
            },
            "replace": {
                "guzzle/batch": "self.version",
                "guzzle/cache": "self.version",
                "guzzle/common": "self.version",
                "guzzle/http": "self.version",
                "guzzle/inflection": "self.version",
                "guzzle/iterator": "self.version",
                "guzzle/log": "self.version",
                "guzzle/parser": "self.version",
                "guzzle/plugin": "self.version",
                "guzzle/plugin-async": "self.version",
                "guzzle/plugin-backoff": "self.version",
                "guzzle/plugin-cache": "self.version",
                "guzzle/plugin-cookie": "self.version",
                "guzzle/plugin-curlauth": "self.version",
                "guzzle/plugin-error-response": "self.version",
                "guzzle/plugin-history": "self.version",
                "guzzle/plugin-log": "self.version",
                "guzzle/plugin-md5": "self.version",
                "guzzle/plugin-mock": "self.version",
                "guzzle/plugin-oauth": "self.version",
                "guzzle/service": "self.version",
                "guzzle/stream": "self.version"
            },
            "require-dev": {
                "doctrine/cache": "~1.3",
                "monolog/monolog": "~1.0",
                "phpunit/phpunit": "3.7.*",
                "psr/log": "~1.0",
                "symfony/class-loader": "~2.1",
                "zendframework/zend-cache": "2.*,<2.3",
                "zendframework/zend-log": "2.*,<2.3"
            },
            "suggest": {
                "guzzlehttp/guzzle": "Guzzle 5 has moved to a new package name. The package you have installed, Guzzle 3, is deprecated."
            },
            "type": "library",
            "extra": {
                "branch-alias": {
                    "dev-master": "3.9-dev"
                }
            },
            "autoload": {
                "psr-0": {
                    "Guzzle": "src/",
                    "Guzzle\\Tests": "tests/"
                }
            },
            "notification-url": "https://packagist.org/downloads/",
            "license": [
                "MIT"
            ],
            "authors": [
                {
                    "name": "Michael Dowling",
                    "email": "mtdowling@gmail.com",
                    "homepage": "https://github.com/mtdowling"
                },
                {
                    "name": "Guzzle Community",
                    "homepage": "https://github.com/guzzle/guzzle/contributors"
                }
            ],
            "description": "PHP HTTP client. This library is deprecated in favor of https://packagist.org/packages/guzzlehttp/guzzle",
            "homepage": "http://guzzlephp.org/",
            "keywords": [
                "client",
                "curl",
                "framework",
                "http",
                "http client",
                "rest",
                "web service"
            ],
            "time": "2015-03-18 18:23:50"
        },
        {
            "name": "guzzlehttp/guzzle",
            "version": "6.1.1",
            "source": {
                "type": "git",
                "url": "https://github.com/guzzle/guzzle.git",
                "reference": "c6851d6e48f63b69357cbfa55bca116448140e0c"
            },
            "dist": {
                "type": "zip",
                "url": "https://api.github.com/repos/guzzle/guzzle/zipball/c6851d6e48f63b69357cbfa55bca116448140e0c",
                "reference": "c6851d6e48f63b69357cbfa55bca116448140e0c",
                "shasum": ""
            },
            "require": {
                "guzzlehttp/promises": "~1.0",
                "guzzlehttp/psr7": "~1.1",
                "php": ">=5.5.0"
            },
            "require-dev": {
                "ext-curl": "*",
                "phpunit/phpunit": "~4.0",
                "psr/log": "~1.0"
            },
            "type": "library",
            "extra": {
                "branch-alias": {
                    "dev-master": "6.1-dev"
                }
            },
            "autoload": {
                "files": [
                    "src/functions_include.php"
                ],
                "psr-4": {
                    "GuzzleHttp\\": "src/"
                }
            },
            "notification-url": "https://packagist.org/downloads/",
            "license": [
                "MIT"
            ],
            "authors": [
                {
                    "name": "Michael Dowling",
                    "email": "mtdowling@gmail.com",
                    "homepage": "https://github.com/mtdowling"
                }
            ],
            "description": "Guzzle is a PHP HTTP client library",
            "homepage": "http://guzzlephp.org/",
            "keywords": [
                "client",
                "curl",
                "framework",
                "http",
                "http client",
                "rest",
                "web service"
            ],
            "time": "2015-11-23 00:47:50"
        },
        {
            "name": "guzzlehttp/promises",
            "version": "1.0.3",
            "source": {
                "type": "git",
                "url": "https://github.com/guzzle/promises.git",
                "reference": "b1e1c0d55f8083c71eda2c28c12a228d708294ea"
            },
            "dist": {
                "type": "zip",
                "url": "https://api.github.com/repos/guzzle/promises/zipball/b1e1c0d55f8083c71eda2c28c12a228d708294ea",
                "reference": "b1e1c0d55f8083c71eda2c28c12a228d708294ea",
                "shasum": ""
            },
            "require": {
                "php": ">=5.5.0"
            },
            "require-dev": {
                "phpunit/phpunit": "~4.0"
            },
            "type": "library",
            "extra": {
                "branch-alias": {
                    "dev-master": "1.0-dev"
                }
            },
            "autoload": {
                "psr-4": {
                    "GuzzleHttp\\Promise\\": "src/"
                },
                "files": [
                    "src/functions_include.php"
                ]
            },
            "notification-url": "https://packagist.org/downloads/",
            "license": [
                "MIT"
            ],
            "authors": [
                {
                    "name": "Michael Dowling",
                    "email": "mtdowling@gmail.com",
                    "homepage": "https://github.com/mtdowling"
                }
            ],
            "description": "Guzzle promises library",
            "keywords": [
                "promise"
            ],
            "time": "2015-10-15 22:28:00"
        },
        {
            "name": "guzzlehttp/psr7",
            "version": "1.2.2",
            "source": {
                "type": "git",
                "url": "https://github.com/guzzle/psr7.git",
                "reference": "f5d04bdd2881ac89abde1fb78cc234bce24327bb"
            },
            "dist": {
                "type": "zip",
                "url": "https://api.github.com/repos/guzzle/psr7/zipball/f5d04bdd2881ac89abde1fb78cc234bce24327bb",
                "reference": "f5d04bdd2881ac89abde1fb78cc234bce24327bb",
                "shasum": ""
            },
            "require": {
                "php": ">=5.4.0",
                "psr/http-message": "~1.0"
            },
            "provide": {
                "psr/http-message-implementation": "1.0"
            },
            "require-dev": {
                "phpunit/phpunit": "~4.0"
            },
            "type": "library",
            "extra": {
                "branch-alias": {
                    "dev-master": "1.0-dev"
                }
            },
            "autoload": {
                "psr-4": {
                    "GuzzleHttp\\Psr7\\": "src/"
                },
                "files": [
                    "src/functions_include.php"
                ]
            },
            "notification-url": "https://packagist.org/downloads/",
            "license": [
                "MIT"
            ],
            "authors": [
                {
                    "name": "Michael Dowling",
                    "email": "mtdowling@gmail.com",
                    "homepage": "https://github.com/mtdowling"
                }
            ],
            "description": "PSR-7 message implementation",
            "keywords": [
                "http",
                "message",
                "stream",
                "uri"
            ],
            "time": "2016-01-23 01:23:02"
        },
        {
            "name": "ircmaxell/password-compat",
            "version": "v1.0.4",
            "source": {
                "type": "git",
                "url": "https://github.com/ircmaxell/password_compat.git",
                "reference": "5c5cde8822a69545767f7c7f3058cb15ff84614c"
            },
            "dist": {
                "type": "zip",
                "url": "https://api.github.com/repos/ircmaxell/password_compat/zipball/5c5cde8822a69545767f7c7f3058cb15ff84614c",
                "reference": "5c5cde8822a69545767f7c7f3058cb15ff84614c",
                "shasum": ""
            },
            "require-dev": {
                "phpunit/phpunit": "4.*"
            },
            "type": "library",
            "autoload": {
                "files": [
                    "lib/password.php"
                ]
            },
            "notification-url": "https://packagist.org/downloads/",
            "license": [
                "MIT"
            ],
            "authors": [
                {
                    "name": "Anthony Ferrara",
                    "email": "ircmaxell@php.net",
                    "homepage": "http://blog.ircmaxell.com"
                }
            ],
            "description": "A compatibility library for the proposed simplified password hashing algorithm: https://wiki.php.net/rfc/password_hash",
            "homepage": "https://github.com/ircmaxell/password_compat",
            "keywords": [
                "hashing",
                "password"
            ],
            "time": "2014-11-20 16:49:30"
        },
        {
            "name": "ircmaxell/random-lib",
            "version": "v1.1.0",
            "source": {
                "type": "git",
                "url": "https://github.com/ircmaxell/RandomLib.git",
                "reference": "13efa4368bb2ac88bb3b1459b487d907de4dbf7c"
            },
            "dist": {
                "type": "zip",
                "url": "https://api.github.com/repos/ircmaxell/RandomLib/zipball/13efa4368bb2ac88bb3b1459b487d907de4dbf7c",
                "reference": "13efa4368bb2ac88bb3b1459b487d907de4dbf7c",
                "shasum": ""
            },
            "require": {
                "ircmaxell/security-lib": "1.0.*@dev",
                "php": ">=5.3.2"
            },
            "require-dev": {
                "mikey179/vfsstream": "1.1.*",
                "phpunit/phpunit": "3.7.*"
            },
            "type": "library",
            "extra": {
                "branch-alias": {
                    "dev-master": "1.0.x-dev"
                }
            },
            "autoload": {
                "psr-0": {
                    "RandomLib": "lib"
                }
            },
            "notification-url": "https://packagist.org/downloads/",
            "license": [
                "MIT"
            ],
            "authors": [
                {
                    "name": "Anthony Ferrara",
                    "email": "ircmaxell@ircmaxell.com",
                    "homepage": "http://blog.ircmaxell.com"
                }
            ],
            "description": "A Library For Generating Secure Random Numbers",
            "homepage": "https://github.com/ircmaxell/RandomLib",
            "keywords": [
                "cryptography",
                "random",
                "random-numbers",
                "random-strings"
            ],
            "time": "2015-01-15 16:31:45"
        },
        {
            "name": "ircmaxell/security-lib",
            "version": "1.0.0",
            "source": {
                "type": "git",
                "url": "https://github.com/ircmaxell/SecurityLib.git",
                "reference": "80934de3c482dcafb46b5756e59ebece082b6dc7"
            },
            "dist": {
                "type": "zip",
                "url": "https://api.github.com/repos/ircmaxell/SecurityLib/zipball/80934de3c482dcafb46b5756e59ebece082b6dc7",
                "reference": "80934de3c482dcafb46b5756e59ebece082b6dc7",
                "shasum": ""
            },
            "require": {
                "php": ">=5.3.2"
            },
            "require-dev": {
                "mikey179/vfsstream": "1.1.*"
            },
            "type": "library",
            "autoload": {
                "psr-0": {
                    "SecurityLib": "lib"
                }
            },
            "notification-url": "https://packagist.org/downloads/",
            "license": [
                "MIT"
            ],
            "authors": [
                {
                    "name": "Anthony Ferrara",
                    "email": "ircmaxell@ircmaxell.com",
                    "homepage": "http://blog.ircmaxell.com"
                }
            ],
            "description": "A Base Security Library",
            "homepage": "https://github.com/ircmaxell/PHP-SecurityLib",
            "time": "2013-04-30 18:00:34"
        },
        {
            "name": "kriswallsmith/buzz",
            "version": "v0.15",
            "source": {
                "type": "git",
                "url": "https://github.com/kriswallsmith/Buzz.git",
                "reference": "d4041666c3ffb379af02a92dabe81c904b35fab8"
            },
            "dist": {
                "type": "zip",
                "url": "https://api.github.com/repos/kriswallsmith/Buzz/zipball/d4041666c3ffb379af02a92dabe81c904b35fab8",
                "reference": "d4041666c3ffb379af02a92dabe81c904b35fab8",
                "shasum": ""
            },
            "require": {
                "php": ">=5.3.0"
            },
            "require-dev": {
                "phpunit/phpunit": "3.7.*"
            },
            "suggest": {
                "ext-curl": "*"
            },
            "type": "library",
            "autoload": {
                "psr-0": {
                    "Buzz": "lib/"
                }
            },
            "notification-url": "https://packagist.org/downloads/",
            "license": [
                "MIT"
            ],
            "authors": [
                {
                    "name": "Kris Wallsmith",
                    "email": "kris.wallsmith@gmail.com",
                    "homepage": "http://kriswallsmith.net/"
                }
            ],
            "description": "Lightweight HTTP client",
            "homepage": "https://github.com/kriswallsmith/Buzz",
            "keywords": [
                "curl",
                "http client"
            ],
            "time": "2015-06-25 17:26:56"
        },
        {
            "name": "league/oauth2-client",
            "version": "1.2.0",
            "source": {
                "type": "git",
                "url": "https://github.com/thephpleague/oauth2-client.git",
                "reference": "4f1a51817090b861651cf3497cd25714a7cabed5"
            },
            "dist": {
                "type": "zip",
                "url": "https://api.github.com/repos/thephpleague/oauth2-client/zipball/4f1a51817090b861651cf3497cd25714a7cabed5",
                "reference": "4f1a51817090b861651cf3497cd25714a7cabed5",
                "shasum": ""
            },
            "require": {
                "ext-curl": "*",
                "guzzlehttp/guzzle": "~6.0",
                "ircmaxell/random-lib": "~1.1",
                "php": ">=5.5.0"
            },
            "require-dev": {
                "jakub-onderka/php-parallel-lint": "0.8.*",
                "mockery/mockery": "~0.9",
                "phpunit/phpunit": "~4.0",
                "satooshi/php-coveralls": "0.6.*",
                "squizlabs/php_codesniffer": "~2.0"
            },
            "type": "library",
            "extra": {
                "branch-alias": {
                    "dev-master": "1.0.x-dev"
                }
            },
            "autoload": {
                "psr-4": {
                    "League\\OAuth2\\Client\\": "src/"
                }
            },
            "notification-url": "https://packagist.org/downloads/",
            "license": [
                "MIT"
            ],
            "authors": [
                {
                    "name": "Alex Bilbie",
                    "email": "hello@alexbilbie.com",
                    "homepage": "http://www.alexbilbie.com",
                    "role": "Developer"
                }
            ],
            "description": "OAuth 2.0 Client Library",
            "keywords": [
                "Authentication",
                "SSO",
                "authorization",
                "identity",
                "idp",
                "oauth",
                "oauth2",
                "single sign on"
            ],
            "time": "2016-01-23 18:02:07"
        },
        {
            "name": "league/oauth2-facebook",
            "version": "1.1.0",
            "source": {
                "type": "git",
                "url": "https://github.com/thephpleague/oauth2-facebook.git",
                "reference": "0cd44ead57f05f7b8b728dcbf20bab1b56990718"
            },
            "dist": {
                "type": "zip",
                "url": "https://api.github.com/repos/thephpleague/oauth2-facebook/zipball/0cd44ead57f05f7b8b728dcbf20bab1b56990718",
                "reference": "0cd44ead57f05f7b8b728dcbf20bab1b56990718",
                "shasum": ""
            },
            "require": {
                "league/oauth2-client": "~1.0",
                "php": ">=5.5.0"
            },
            "require-dev": {
                "mockery/mockery": "~0.9",
                "phpunit/phpunit": "~4.0",
                "squizlabs/php_codesniffer": "~2.0"
            },
            "type": "library",
            "autoload": {
                "psr-4": {
                    "League\\OAuth2\\Client\\": "src/"
                }
            },
            "notification-url": "https://packagist.org/downloads/",
            "license": [
                "MIT"
            ],
            "authors": [
                {
                    "name": "Sammy Kaye Powers",
                    "email": "me@sammyk.me",
                    "homepage": "http://www.sammyk.me"
                }
            ],
            "description": "Facebook OAuth 2.0 Client Provider for The PHP League OAuth2-Client",
            "keywords": [
                "Authentication",
                "authorization",
                "client",
                "facebook",
                "oauth",
                "oauth2"
            ],
            "time": "2015-09-16 22:00:46"
        },
        {
            "name": "league/oauth2-google",
            "version": "1.0.1",
            "source": {
                "type": "git",
                "url": "https://github.com/thephpleague/oauth2-google.git",
                "reference": "4788fcef5cf0fdb65e0322c3f4d4632d8f1f3e82"
            },
            "dist": {
                "type": "zip",
                "url": "https://api.github.com/repos/thephpleague/oauth2-google/zipball/4788fcef5cf0fdb65e0322c3f4d4632d8f1f3e82",
                "reference": "4788fcef5cf0fdb65e0322c3f4d4632d8f1f3e82",
                "shasum": ""
            },
            "require": {
                "league/oauth2-client": "~1.0"
            },
            "require-dev": {
                "mockery/mockery": "~0.9",
                "phpunit/phpunit": "~4.0",
                "squizlabs/php_codesniffer": "~2.0"
            },
            "type": "library",
            "autoload": {
                "psr-4": {
                    "League\\OAuth2\\Client\\": "src/"
                }
            },
            "notification-url": "https://packagist.org/downloads/",
            "license": [
                "MIT"
            ],
            "authors": [
                {
                    "name": "Woody Gilk",
                    "email": "woody.gilk@gmail.com",
                    "homepage": "http://shadowhand.me"
                }
            ],
            "description": "Google OAuth 2.0 Client Provider for The PHP League OAuth2-Client",
            "keywords": [
                "Authentication",
                "authorization",
                "client",
                "google",
                "oauth",
                "oauth2"
            ],
            "time": "2015-08-28 18:33:30"
        },
        {
            "name": "omnipay/authorizenet",
            "version": "v2.3.0",
            "source": {
                "type": "git",
                "url": "https://github.com/thephpleague/omnipay-authorizenet.git",
                "reference": "142a95f550a5320db09e66019ecf5c8b8c3885b9"
            },
            "dist": {
                "type": "zip",
                "url": "https://api.github.com/repos/thephpleague/omnipay-authorizenet/zipball/142a95f550a5320db09e66019ecf5c8b8c3885b9",
                "reference": "142a95f550a5320db09e66019ecf5c8b8c3885b9",
                "shasum": ""
            },
            "require": {
                "omnipay/common": "~2.0"
            },
            "require-dev": {
                "omnipay/tests": "~2.0"
            },
            "type": "library",
            "extra": {
                "branch-alias": {
                    "dev-master": "2.0.x-dev"
                }
            },
            "autoload": {
                "psr-4": {
                    "Omnipay\\AuthorizeNet\\": "src/"
                }
            },
            "notification-url": "https://packagist.org/downloads/",
            "license": [
                "MIT"
            ],
            "authors": [
                {
                    "name": "Adrian Macneil",
                    "email": "adrian@adrianmacneil.com"
                },
                {
                    "name": "Omnipay Contributors",
                    "homepage": "https://github.com/thephpleague/omnipay-authorizenet/contributors"
                }
            ],
            "description": "Authorize.Net gateway for the Omnipay payment processing library",
            "homepage": "https://github.com/thephpleague/omnipay-authorizenet",
            "keywords": [
                "authorize",
                "authorize net",
                "authorize.net",
                "gateway",
                "merchant",
                "omnipay",
                "pay",
                "payment"
            ],
            "time": "2015-07-15 18:11:17"
        },
        {
            "name": "omnipay/common",
            "version": "v2.4.1",
            "source": {
                "type": "git",
                "url": "https://github.com/thephpleague/omnipay-common.git",
                "reference": "5a618b4083a63b2e1405529d16c8d546a6788921"
            },
            "dist": {
                "type": "zip",
                "url": "https://api.github.com/repos/thephpleague/omnipay-common/zipball/5a618b4083a63b2e1405529d16c8d546a6788921",
                "reference": "5a618b4083a63b2e1405529d16c8d546a6788921",
                "shasum": ""
            },
            "require": {
                "guzzle/guzzle": "~3.9",
                "php": ">=5.3.2",
                "symfony/http-foundation": "~2.1"
            },
            "require-dev": {
                "omnipay/tests": "~2.0"
            },
            "type": "library",
            "extra": {
                "branch-alias": {
                    "dev-master": "2.0.x-dev"
                },
                "gateways": [
                    "AuthorizeNet_AIM",
                    "AuthorizeNet_SIM",
                    "Buckaroo_Ideal",
                    "Buckaroo_PayPal",
                    "CardSave",
                    "Coinbase",
                    "Dummy",
                    "Eway_Rapid",
                    "FirstData_Connect",
                    "GoCardless",
                    "Manual",
                    "Migs_ThreeParty",
                    "Migs_TwoParty",
                    "Mollie",
                    "MultiSafepay",
                    "Netaxept",
                    "NetBanx",
                    "PayFast",
                    "Payflow_Pro",
                    "PaymentExpress_PxPay",
                    "PaymentExpress_PxPost",
                    "PayPal_Express",
                    "PayPal_Pro",
                    "Pin",
                    "SagePay_Direct",
                    "SagePay_Server",
                    "SecurePay_DirectPost",
                    "Stripe",
                    "TargetPay_Directebanking",
                    "TargetPay_Ideal",
                    "TargetPay_Mrcash",
                    "WorldPay"
                ]
            },
            "autoload": {
                "psr-0": {
                    "Omnipay\\Common\\": "src/"
                },
                "classmap": [
                    "src/Omnipay/Omnipay.php"
                ]
            },
            "notification-url": "https://packagist.org/downloads/",
            "license": [
                "MIT"
            ],
            "authors": [
                {
                    "name": "Adrian Macneil",
                    "email": "adrian@adrianmacneil.com"
                },
                {
                    "name": "Omnipay Contributors",
                    "homepage": "https://github.com/thephpleague/omnipay-common/contributors"
                }
            ],
            "description": "Common components for Omnipay payment processing library",
            "homepage": "https://github.com/thephpleague/omnipay-common",
            "keywords": [
                "gateway",
                "merchant",
                "omnipay",
                "pay",
                "payment",
                "purchase"
            ],
            "time": "2016-01-27 03:04:53"
        },
        {
            "name": "omnipay/paypal",
            "version": "v2.5.1",
            "source": {
                "type": "git",
                "url": "https://github.com/thephpleague/omnipay-paypal.git",
                "reference": "b546d24241725061d44e60516f0fbce202336963"
            },
            "dist": {
                "type": "zip",
                "url": "https://api.github.com/repos/thephpleague/omnipay-paypal/zipball/b546d24241725061d44e60516f0fbce202336963",
                "reference": "b546d24241725061d44e60516f0fbce202336963",
                "shasum": ""
            },
            "require": {
                "omnipay/common": "~2.0"
            },
            "require-dev": {
                "omnipay/tests": "~2.0"
            },
            "type": "library",
            "extra": {
                "branch-alias": {
                    "dev-master": "2.3.x-dev"
                }
            },
            "autoload": {
                "psr-4": {
                    "Omnipay\\PayPal\\": "src/"
                }
            },
            "notification-url": "https://packagist.org/downloads/",
            "license": [
                "MIT"
            ],
            "authors": [
                {
                    "name": "Adrian Macneil",
                    "email": "adrian@adrianmacneil.com"
                },
                {
                    "name": "Omnipay Contributors",
                    "homepage": "https://github.com/thephpleague/omnipay-paypal/contributors"
                }
            ],
            "description": "PayPal gateway for Omnipay payment processing library",
            "homepage": "https://github.com/thephpleague/omnipay-paypal",
            "keywords": [
                "gateway",
                "merchant",
                "omnipay",
                "pay",
                "payment",
                "paypal",
                "purchase"
            ],
            "time": "2016-01-13 07:03:27"
        },
        {
            "name": "omnipay/payu",
            "version": "dev-master",
            "source": {
                "type": "git",
                "url": "https://github.com/efesaid/omnipay-payu.git",
                "reference": "6b4e57bc8b1b39d817f1d2fa95283db7512cd961"
            },
            "dist": {
                "type": "zip",
                "url": "https://api.github.com/repos/efesaid/omnipay-payu/zipball/6b4e57bc8b1b39d817f1d2fa95283db7512cd961",
                "reference": "6b4e57bc8b1b39d817f1d2fa95283db7512cd961",
                "shasum": ""
            },
            "require": {
                "omnipay/common": "~2.0"
            },
            "require-dev": {
                "omnipay/tests": "~2.0"
            },
            "type": "library",
            "extra": {
                "branch-alias": {
                    "dev-master": "2.0.x-dev"
                }
            },
            "autoload": {
                "psr-4": {
                    "Omnipay\\PayU\\": "src/"
                }
            },
            "notification-url": "https://packagist.org/downloads/",
            "license": [
                "MIT"
            ],
            "authors": [
                {
                    "name": "Said İmamoğlu",
                    "email": "said.imamoglu@biberltd.com"
                },
                {
                    "name": "Omnipay Contributors",
                    "homepage": "https://github.com/efesaid/omnipay-payu/contributors"
                }
            ],
            "description": "PayU driver for the Omnipay payment processing library",
            "homepage": "https://github.com/efesaid/omnipay-payu",
            "keywords": [
                "gateway",
                "merchant",
                "omnipay",
                "pay",
                "payment",
                "payu",
                "purchase"
            ],
            "time": "2015-01-09 19:31:00"
        },
        {
            "name": "omnipay/stripe",
            "version": "v2.3.1",
            "source": {
                "type": "git",
                "url": "https://github.com/thephpleague/omnipay-stripe.git",
                "reference": "6c4cef5b5168a58476eef6fa73b7875e15c94b6f"
            },
            "dist": {
                "type": "zip",
                "url": "https://api.github.com/repos/thephpleague/omnipay-stripe/zipball/6c4cef5b5168a58476eef6fa73b7875e15c94b6f",
                "reference": "6c4cef5b5168a58476eef6fa73b7875e15c94b6f",
                "shasum": ""
            },
            "require": {
                "omnipay/common": "~2.0"
            },
            "require-dev": {
                "omnipay/tests": "~2.0"
            },
            "type": "library",
            "extra": {
                "branch-alias": {
                    "dev-master": "2.0.x-dev"
                }
            },
            "autoload": {
                "psr-4": {
                    "Omnipay\\Stripe\\": "src/"
                }
            },
            "notification-url": "https://packagist.org/downloads/",
            "license": [
                "MIT"
            ],
            "authors": [
                {
                    "name": "Adrian Macneil",
                    "email": "adrian@adrianmacneil.com"
                },
                {
                    "name": "Omnipay Contributors",
                    "homepage": "https://github.com/thephpleague/omnipay-stripe/contributors"
                }
            ],
            "description": "Stripe driver for the Omnipay payment processing library",
            "homepage": "https://github.com/thephpleague/omnipay-stripe",
            "keywords": [
                "gateway",
                "merchant",
                "omnipay",
                "pay",
                "payment",
                "stripe"
            ],
            "time": "2016-01-13 04:00:45"
        },
        {
            "name": "psr/http-message",
            "version": "1.0",
            "source": {
                "type": "git",
                "url": "https://github.com/php-fig/http-message.git",
                "reference": "85d63699f0dbedb190bbd4b0d2b9dc707ea4c298"
            },
            "dist": {
                "type": "zip",
                "url": "https://api.github.com/repos/php-fig/http-message/zipball/85d63699f0dbedb190bbd4b0d2b9dc707ea4c298",
                "reference": "85d63699f0dbedb190bbd4b0d2b9dc707ea4c298",
                "shasum": ""
            },
            "require": {
                "php": ">=5.3.0"
            },
            "type": "library",
            "extra": {
                "branch-alias": {
                    "dev-master": "1.0.x-dev"
                }
            },
            "autoload": {
                "psr-4": {
                    "Psr\\Http\\Message\\": "src/"
                }
            },
            "notification-url": "https://packagist.org/downloads/",
            "license": [
                "MIT"
            ],
            "authors": [
                {
                    "name": "PHP-FIG",
                    "homepage": "http://www.php-fig.org/"
                }
            ],
            "description": "Common interface for HTTP messages",
            "keywords": [
                "http",
                "http-message",
                "psr",
                "psr-7",
                "request",
                "response"
            ],
            "time": "2015-05-04 20:22:00"
        },
        {
            "name": "stichoza/google-translate-php",
            "version": "v3.2.6",
            "source": {
                "type": "git",
                "url": "https://github.com/Stichoza/google-translate-php.git",
                "reference": "78be7bf1ffa5b4f6669350e8190fa16f35a989cc"
            },
            "dist": {
                "type": "zip",
                "url": "https://api.github.com/repos/Stichoza/google-translate-php/zipball/78be7bf1ffa5b4f6669350e8190fa16f35a989cc",
                "reference": "78be7bf1ffa5b4f6669350e8190fa16f35a989cc",
                "shasum": ""
            },
            "require": {
                "guzzlehttp/guzzle": "~6.0",
                "php": ">=5.5.0"
            },
            "require-dev": {
                "phpunit/phpunit": "~4.0"
            },
            "type": "library",
            "autoload": {
                "psr-0": {
                    "Stichoza\\GoogleTranslate\\": "src/"
                },
                "psr-4": {
                    "Stichoza\\GoogleTranslate\\": "src/Stichoza/GoogleTranslate/"
                }
            },
            "notification-url": "https://packagist.org/downloads/",
            "license": [
                "MIT"
            ],
            "authors": [
                {
                    "name": "Levan Velijanashvili",
                    "email": "me@stichoza.com"
                }
            ],
            "description": "Free Google Translate API PHP Package",
            "homepage": "http://github.com/Stichoza/google-translate-php",
            "keywords": [
                "google",
                "php",
                "translate"
            ],
            "time": "2015-12-27 22:30:11"
        },
        {
            "name": "symfony/event-dispatcher",
            "version": "v2.8.2",
            "source": {
                "type": "git",
                "url": "https://github.com/symfony/event-dispatcher.git",
                "reference": "ee278f7c851533e58ca307f66305ccb9188aceda"
            },
            "dist": {
                "type": "zip",
                "url": "https://api.github.com/repos/symfony/event-dispatcher/zipball/ee278f7c851533e58ca307f66305ccb9188aceda",
                "reference": "ee278f7c851533e58ca307f66305ccb9188aceda",
                "shasum": ""
            },
            "require": {
                "php": ">=5.3.9"
            },
            "require-dev": {
                "psr/log": "~1.0",
                "symfony/config": "~2.0,>=2.0.5|~3.0.0",
                "symfony/dependency-injection": "~2.6|~3.0.0",
                "symfony/expression-language": "~2.6|~3.0.0",
                "symfony/stopwatch": "~2.3|~3.0.0"
            },
            "suggest": {
                "symfony/dependency-injection": "",
                "symfony/http-kernel": ""
            },
            "type": "library",
            "extra": {
                "branch-alias": {
                    "dev-master": "2.8-dev"
                }
            },
            "autoload": {
                "psr-4": {
                    "Symfony\\Component\\EventDispatcher\\": ""
                },
                "exclude-from-classmap": [
                    "/Tests/"
                ]
            },
            "notification-url": "https://packagist.org/downloads/",
            "license": [
                "MIT"
            ],
            "authors": [
                {
                    "name": "Fabien Potencier",
                    "email": "fabien@symfony.com"
                },
                {
                    "name": "Symfony Community",
                    "homepage": "https://symfony.com/contributors"
                }
            ],
            "description": "Symfony EventDispatcher Component",
            "homepage": "https://symfony.com",
            "time": "2016-01-13 10:28:07"
        },
        {
            "name": "symfony/http-foundation",
            "version": "v2.8.2",
            "source": {
                "type": "git",
                "url": "https://github.com/symfony/http-foundation.git",
                "reference": "9194b33c71da8ef4d05d22964376f2f9c95a1bfd"
            },
            "dist": {
                "type": "zip",
                "url": "https://api.github.com/repos/symfony/http-foundation/zipball/9194b33c71da8ef4d05d22964376f2f9c95a1bfd",
                "reference": "9194b33c71da8ef4d05d22964376f2f9c95a1bfd",
                "shasum": ""
            },
            "require": {
                "php": ">=5.3.9",
                "symfony/polyfill-php54": "~1.0",
                "symfony/polyfill-php55": "~1.0"
            },
            "require-dev": {
                "symfony/expression-language": "~2.4|~3.0.0"
            },
            "type": "library",
            "extra": {
                "branch-alias": {
                    "dev-master": "2.8-dev"
                }
            },
            "autoload": {
                "psr-4": {
                    "Symfony\\Component\\HttpFoundation\\": ""
                },
                "exclude-from-classmap": [
                    "/Tests/"
                ]
            },
            "notification-url": "https://packagist.org/downloads/",
            "license": [
                "MIT"
            ],
            "authors": [
                {
                    "name": "Fabien Potencier",
                    "email": "fabien@symfony.com"
                },
                {
                    "name": "Symfony Community",
                    "homepage": "https://symfony.com/contributors"
                }
            ],
            "description": "Symfony HttpFoundation Component",
            "homepage": "https://symfony.com",
            "time": "2016-01-13 10:28:07"
        },
        {
            "name": "symfony/polyfill-php54",
            "version": "v1.1.0",
            "source": {
                "type": "git",
                "url": "https://github.com/symfony/polyfill-php54.git",
                "reference": "74663d5a2ff3c530c1bc0571500e0feec9094054"
            },
            "dist": {
                "type": "zip",
                "url": "https://api.github.com/repos/symfony/polyfill-php54/zipball/74663d5a2ff3c530c1bc0571500e0feec9094054",
                "reference": "74663d5a2ff3c530c1bc0571500e0feec9094054",
                "shasum": ""
            },
            "require": {
                "php": ">=5.3.3"
            },
            "type": "library",
            "extra": {
                "branch-alias": {
                    "dev-master": "1.1-dev"
                }
            },
            "autoload": {
                "psr-4": {
                    "Symfony\\Polyfill\\Php54\\": ""
                },
                "files": [
                    "bootstrap.php"
                ],
                "classmap": [
                    "Resources/stubs"
                ]
            },
            "notification-url": "https://packagist.org/downloads/",
            "license": [
                "MIT"
            ],
            "authors": [
                {
                    "name": "Nicolas Grekas",
                    "email": "p@tchwork.com"
                },
                {
                    "name": "Symfony Community",
                    "homepage": "https://symfony.com/contributors"
                }
            ],
            "description": "Symfony polyfill backporting some PHP 5.4+ features to lower PHP versions",
            "homepage": "https://symfony.com",
            "keywords": [
                "compatibility",
                "polyfill",
                "portable",
                "shim"
            ],
            "time": "2016-01-20 09:13:37"
        },
        {
            "name": "symfony/polyfill-php55",
            "version": "v1.1.0",
            "source": {
                "type": "git",
                "url": "https://github.com/symfony/polyfill-php55.git",
                "reference": "b4f3f07d91702f8f926339fc4fcf81671d8c27e6"
            },
            "dist": {
                "type": "zip",
                "url": "https://api.github.com/repos/symfony/polyfill-php55/zipball/b4f3f07d91702f8f926339fc4fcf81671d8c27e6",
                "reference": "b4f3f07d91702f8f926339fc4fcf81671d8c27e6",
                "shasum": ""
            },
            "require": {
                "ircmaxell/password-compat": "~1.0",
                "php": ">=5.3.3"
            },
            "type": "library",
            "extra": {
                "branch-alias": {
                    "dev-master": "1.1-dev"
                }
            },
            "autoload": {
                "psr-4": {
                    "Symfony\\Polyfill\\Php55\\": ""
                },
                "files": [
                    "bootstrap.php"
                ]
            },
            "notification-url": "https://packagist.org/downloads/",
            "license": [
                "MIT"
            ],
            "authors": [
                {
                    "name": "Nicolas Grekas",
                    "email": "p@tchwork.com"
                },
                {
                    "name": "Symfony Community",
                    "homepage": "https://symfony.com/contributors"
                }
            ],
            "description": "Symfony polyfill backporting some PHP 5.5+ features to lower PHP versions",
            "homepage": "https://symfony.com",
            "keywords": [
                "compatibility",
                "polyfill",
                "portable",
                "shim"
            ],
            "time": "2016-01-20 09:13:37"
        }
    ],
    "packages-dev": [],
    "aliases": [],
    "minimum-stability": "dev",
    "stability-flags": [],
    "prefer-stable": true,
    "prefer-lowest": false,
    "platform": [],
    "platform-dev": []
}
